
Microsoft Visual Studio Solution File, Format Version 12.00
# Visual Studio Version 17
VisualStudioVersion = 17.11.35327.3
MinimumVisualStudioVersion = 10.0.40219.1
Project("{FAE04EC0-301F-11D3-BF4B-00C04F79EFBC}") = "StreamingHub", "StreamingHub.csproj", "{358F0455-2F01-407F-BDBF-19807C5387A6}"
EndProject
Global
	GlobalSection(SolutionConfigurationPlatforms) = preSolution
		Debug|Any CPU = Debug|Any CPU
		Release|Any CPU = Release|Any CPU
	EndGlobalSection
	GlobalSection(ProjectConfigurationPlatforms) = postSolution
		{358F0455-2F01-407F-BDBF-19807C5387A6}.Debug|Any CPU.ActiveCfg = Debug|Any CPU
		{358F0455-2F01-407F-BDBF-19807C5387A6}.Debug|Any CPU.Build.0 = Debug|Any CPU
		{358F0455-2F01-407F-BDBF-19807C5387A6}.Debug|Any CPU.Deploy.0 = Debug|Any CPU
		{358F0455-2F01-407F-BDBF-19807C5387A6}.Release|Any CPU.ActiveCfg = Release|Any CPU
		{358F0455-2F01-407F-BDBF-19807C5387A6}.Release|Any CPU.Build.0 = Release|Any CPU
		{358F0455-2F01-407F-BDBF-19807C5387A6}.Release|Any CPU.Deploy.0 = Release|Any CPU
	EndGlobalSection
	GlobalSection(SolutionProperties) = preSolution
		HideSolutionNode = FALSE
	EndGlobalSection
	GlobalSection(ExtensibilityGlobals) = postSolution
		SolutionGuid = {E9BA3C64-A489-490A-8173-4B023D56BE31}
	EndGlobalSection
EndGlobal
